
Microsoft Visual Studio Solution File, Format Version 12.00
# Visual Studio 15
VisualStudioVersion = 15.0.26124.0
MinimumVisualStudioVersion = 15.0.26124.0
Project("{FAE04EC0-301F-11D3-BF4B-00C04F79EFBC}") = "API", "API\API.csproj", "{CCE6587D-7D7C-42FB-9BF8-614279E4B894}"
EndProject
Project("{FAE04EC0-301F-11D3-BF4B-00C04F79EFBC}") = "Application", "Application\Application.csproj", "{66619302-ACD3-471E-8976-3F978999A747}"
EndProject
Project("{FAE04EC0-301F-11D3-BF4B-00C04F79EFBC}") = "Domain", "Domain\Domain.csproj", "{33605A96-CE3A-43E4-B135-C674C5F9D373}"
EndProject
Project("{FAE04EC0-301F-11D3-BF4B-00C04F79EFBC}") = "Persistence", "Persistence\Persistence.csproj", "{A3EEFF99-9DF9-40C7-ACBC-491E8C9CF32A}"
EndProject
Global
	GlobalSection(SolutionConfigurationPlatforms) = preSolution
		Debug|Any CPU = Debug|Any CPU
		Debug|x64 = Debug|x64
		Debug|x86 = Debug|x86
		Release|Any CPU = Release|Any CPU
		Release|x64 = Release|x64
		Release|x86 = Release|x86
	EndGlobalSection
	GlobalSection(SolutionProperties) = preSolution
		HideSolutionNode = FALSE
	EndGlobalSection
	GlobalSection(ProjectConfigurationPlatforms) = postSolution
		{CCE6587D-7D7C-42FB-9BF8-614279E4B894}.Debug|Any CPU.ActiveCfg = Debug|Any CPU
		{CCE6587D-7D7C-42FB-9BF8-614279E4B894}.Debug|Any CPU.Build.0 = Debug|Any CPU
		{CCE6587D-7D7C-42FB-9BF8-614279E4B894}.Debug|x64.ActiveCfg = Debug|Any CPU
		{CCE6587D-7D7C-42FB-9BF8-614279E4B894}.Debug|x64.Build.0 = Debug|Any CPU
		{CCE6587D-7D7C-42FB-9BF8-614279E4B894}.Debug|x86.ActiveCfg = Debug|Any CPU
		{CCE6587D-7D7C-42FB-9BF8-614279E4B894}.Debug|x86.Build.0 = Debug|Any CPU
		{CCE6587D-7D7C-42FB-9BF8-614279E4B894}.Release|Any CPU.ActiveCfg = Release|Any CPU
		{CCE6587D-7D7C-42FB-9BF8-614279E4B894}.Release|Any CPU.Build.0 = Release|Any CPU
		{CCE6587D-7D7C-42FB-9BF8-614279E4B894}.Release|x64.ActiveCfg = Release|Any CPU
		{CCE6587D-7D7C-42FB-9BF8-614279E4B894}.Release|x64.Build.0 = Release|Any CPU
		{CCE6587D-7D7C-42FB-9BF8-614279E4B894}.Release|x86.ActiveCfg = Release|Any CPU
		{CCE6587D-7D7C-42FB-9BF8-614279E4B894}.Release|x86.Build.0 = Release|Any CPU
		{66619302-ACD3-471E-8976-3F978999A747}.Debug|Any CPU.ActiveCfg = Debug|Any CPU
		{66619302-ACD3-471E-8976-3F978999A747}.Debug|Any CPU.Build.0 = Debug|Any CPU
		{66619302-ACD3-471E-8976-3F978999A747}.Debug|x64.ActiveCfg = Debug|Any CPU
		{66619302-ACD3-471E-8976-3F978999A747}.Debug|x64.Build.0 = Debug|Any CPU
		{66619302-ACD3-471E-8976-3F978999A747}.Debug|x86.ActiveCfg = Debug|Any CPU
		{66619302-ACD3-471E-8976-3F978999A747}.Debug|x86.Build.0 = Debug|Any CPU
		{66619302-ACD3-471E-8976-3F978999A747}.Release|Any CPU.ActiveCfg = Release|Any CPU
		{66619302-ACD3-471E-8976-3F978999A747}.Release|Any CPU.Build.0 = Release|Any CPU
		{66619302-ACD3-471E-8976-3F978999A747}.Release|x64.ActiveCfg = Release|Any CPU
		{66619302-ACD3-471E-8976-3F978999A747}.Release|x64.Build.0 = Release|Any CPU
		{66619302-ACD3-471E-8976-3F978999A747}.Release|x86.ActiveCfg = Release|Any CPU
		{66619302-ACD3-471E-8976-3F978999A747}.Release|x86.Build.0 = Release|Any CPU
		{33605A96-CE3A-43E4-B135-C674C5F9D373}.Debug|Any CPU.ActiveCfg = Debug|Any CPU
		{33605A96-CE3A-43E4-B135-C674C5F9D373}.Debug|Any CPU.Build.0 = Debug|Any CPU
		{33605A96-CE3A-43E4-B135-C674C5F9D373}.Debug|x64.ActiveCfg = Debug|Any CPU
		{33605A96-CE3A-43E4-B135-C674C5F9D373}.Debug|x64.Build.0 = Debug|Any CPU
		{33605A96-CE3A-43E4-B135-C674C5F9D373}.Debug|x86.ActiveCfg = Debug|Any CPU
		{33605A96-CE3A-43E4-B135-C674C5F9D373}.Debug|x86.Build.0 = Debug|Any CPU
		{33605A96-CE3A-43E4-B135-C674C5F9D373}.Release|Any CPU.ActiveCfg = Release|Any CPU
		{33605A96-CE3A-43E4-B135-C674C5F9D373}.Release|Any CPU.Build.0 = Release|Any CPU
		{33605A96-CE3A-43E4-B135-C674C5F9D373}.Release|x64.ActiveCfg = Release|Any CPU
		{33605A96-CE3A-43E4-B135-C674C5F9D373}.Release|x64.Build.0 = Release|Any CPU
		{33605A96-CE3A-43E4-B135-C674C5F9D373}.Release|x86.ActiveCfg = Release|Any CPU
		{33605A96-CE3A-43E4-B135-C674C5F9D373}.Release|x86.Build.0 = Release|Any CPU
		{A3EEFF99-9DF9-40C7-ACBC-491E8C9CF32A}.Debug|Any CPU.ActiveCfg = Debug|Any CPU
		{A3EEFF99-9DF9-40C7-ACBC-491E8C9CF32A}.Debug|Any CPU.Build.0 = Debug|Any CPU
		{A3EEFF99-9DF9-40C7-ACBC-491E8C9CF32A}.Debug|x64.ActiveCfg = Debug|Any CPU
		{A3EEFF99-9DF9-40C7-ACBC-491E8C9CF32A}.Debug|x64.Build.0 = Debug|Any CPU
		{A3EEFF99-9DF9-40C7-ACBC-491E8C9CF32A}.Debug|x86.ActiveCfg = Debug|Any CPU
		{A3EEFF99-9DF9-40C7-ACBC-491E8C9CF32A}.Debug|x86.Build.0 = Debug|Any CPU
		{A3EEFF99-9DF9-40C7-ACBC-491E8C9CF32A}.Release|Any CPU.ActiveCfg = Release|Any CPU
		{A3EEFF99-9DF9-40C7-ACBC-491E8C9CF32A}.Release|Any CPU.Build.0 = Release|Any CPU
		{A3EEFF99-9DF9-40C7-ACBC-491E8C9CF32A}.Release|x64.ActiveCfg = Release|Any CPU
		{A3EEFF99-9DF9-40C7-ACBC-491E8C9CF32A}.Release|x64.Build.0 = Release|Any CPU
		{A3EEFF99-9DF9-40C7-ACBC-491E8C9CF32A}.Release|x86.ActiveCfg = Release|Any CPU
		{A3EEFF99-9DF9-40C7-ACBC-491E8C9CF32A}.Release|x86.Build.0 = Release|Any CPU
	EndGlobalSection
EndGlobal
